{
    "_meta": {
        "hash": {
            "sha256": "dcbc68e01f720d29a7768efcc42e219b4047304eea571cb37db4bc6159c5cf72"
        },
        "pipfile-spec": 6,
        "requires": {
            "python_version": "3.7"
        },
        "sources": [
            {
                "name": "pypi",
                "url": "https://pypi.org/simple",
                "verify_ssl": true
            }
        ]
    },
    "default": {
        "cheerio": {
            "hashes": [
                "sha256:9f483df2e9350f7481d597a8ec72d7f56b4820967f86cbf4f0d2dff35a4cbd63",
                "sha256:d2ec71fb6a9b86dc91ff2f51d8399399ba79bdd64e4311d922e63e6b6a428577"
            ],
            "index": "pypi",
            "version": "==1.4"
        },
        "future": {
            "hashes": [
                "sha256:b1bead90b70cf6ec3f0710ae53a525360fa360d306a86583adc6bf83a4db537d"
            ],
            "markers": "python_version >= '2.6' and python_version not in '3.0, 3.1, 3.2, 3.3'",
            "version": "==0.18.2"
        },
        "lunr": {
            "hashes": [
                "sha256:aab3f489c4d4fab4c1294a257a30fec397db56f0a50273218ccc3efdbf01d6ca",
                "sha256:c4fb063b98eff775dd638b3df380008ae85e6cb1d1a24d1cd81a10ef6391c26e"
            ],
            "index": "pypi",
            "version": "==0.5.8"
        },
        "six": {
            "hashes": [
                "sha256:30639c035cdb23534cd4aa2dd52c3bf48f06e5f4a941509c8bafd8ce11080259",
                "sha256:8b74bedcbbbaca38ff6d7491d76f2b06b3592611af620f8426e82dddb04a5ced"
            ],
            "markers": "python_version >= '2.7' and python_version not in '3.0, 3.1, 3.2, 3.3'",
            "version": "==1.15.0"
        }
    },
    "develop": {}
}
